
Microsoft Visual Studio Solution File, Format Version 12.00
# Visual Studio 15
VisualStudioVersion = 15.0.27508.1
MinimumVisualStudioVersion = 10.0.40219.1
Project("{9A19103F-16F7-4668-BE54-9A1E7A4F7556}") = "SignalRChat", "SignalRChat\SignalRChat.csproj", "{EC2D1AD4-8A2D-42C3-BDBF-56A15070DC4A}"
EndProject
Global
	GlobalSection(SolutionConfigurationPlatforms) = preSolution
		Debug|Any CPU = Debug|Any CPU
		Release|Any CPU = Release|Any CPU
	EndGlobalSection
	GlobalSection(ProjectConfigurationPlatforms) = postSolution
		{EC2D1AD4-8A2D-42C3-BDBF-56A15070DC4A}.Debug|Any CPU.ActiveCfg = Debug|Any CPU
		{EC2D1AD4-8A2D-42C3-BDBF-56A15070DC4A}.Debug|Any CPU.Build.0 = Debug|Any CPU
		{EC2D1AD4-8A2D-42C3-BDBF-56A15070DC4A}.Release|Any CPU.ActiveCfg = Release|Any CPU
		{EC2D1AD4-8A2D-42C3-BDBF-56A15070DC4A}.Release|Any CPU.Build.0 = Release|Any CPU
	EndGlobalSection
	GlobalSection(SolutionProperties) = preSolution
		HideSolutionNode = FALSE
	EndGlobalSection
	GlobalSection(ExtensibilityGlobals) = postSolution
		SolutionGuid = {C463A4AA-1E3C-45EA-8FC0-6C8658178660}
	EndGlobalSection
EndGlobal
